<?xml version="1.0" encoding="utf-8"?>
<Project ToolsVersion="4.0" xmlns="http://schemas.microsoft.com/developer/msbuild/2003">
  <ItemGroup>
    <Filter Include="Source Files">
      <UniqueIdentifier>{4FC737F1-C7A5-4376-A066-2A32D752A2FF}</UniqueIdentifier>
      <Extensions>cpp;c;cc;cxx;c++;cppm;ixx;def;odl;idl;hpj;bat;asm;asmx</Extensions>
    </Filter>
    <Filter Include="Header Files">
      <UniqueIdentifier>{93995380-89BD-4b04-88EB-625FBE52EBFB}</UniqueIdentifier>
      <Extensions>h;hh;hpp;hxx;h++;hm;inl;inc;ipp;xsd</Extensions>
    </Filter>
    <Filter Include="Resource Files">
      <UniqueIdentifier>{67DA6AB6-F800-4c08-8B7A-83BB121AAD01}</UniqueIdentifier>
      <Extensions>rc;ico;cur;bmp;dlg;rc2;rct;bin;rgs;gif;jpg;jpeg;jpe;resx;tiff;tif;png;wav;mfcribbon-ms</Extensions>
    </Filter>
    <Filter Include="Source Files\external">
      <UniqueIdentifier>{61c61f01-c0c6-4ef3-91b4-aec8dbd4547d}</UniqueIdentifier>
    </Filter>
    <Filter Include="Resource Files\shaders">
      <UniqueIdentifier>{74cb8536-3dc7-4914-948b-e85eba41e5a3}</UniqueIdentifier>
    </Filter>
    <Filter Include="Source Files\terrain">
      <UniqueIdentifier>{c0dae383-2942-4a91-aa47-749f8545c6ca}</UniqueIdentifier>
    </Filter>
    <Filter Include="Header Files\terrain">
      <UniqueIdentifier>{cbf1c8b3-a44f-4262-beb4-68c2b81af9e7}</UniqueIdentifier>
    </Filter>
    <Filter Include="Header Files\engine">
      <UniqueIdentifier>{7dd03a08-9a7c-476d-9e54-84aad37afa25}</UniqueIdentifier>
    </Filter>
    <Filter Include="Source Files\engine">
      <UniqueIdentifier>{286077de-7de8-4b5f-872b-02e464935052}</UniqueIdentifier>
    </Filter>
    <Filter Include="Header Files\engine\uniform">
      <UniqueIdentifier>{aecbe74d-4597-4e52-a4c4-ba870aa7cc5e}</UniqueIdentifier>
    </Filter>
    <Filter Include="Source Files\engine\uniform">
      <UniqueIdentifier>{1dec4b8c-3502-46b3-b421-be85fab708e3}</UniqueIdentifier>
    </Filter>
    <Filter Include="Source Files\renderer">
      <UniqueIdentifier>{31c69a58-0f27-486f-8c7a-573147047cee}</UniqueIdentifier>
    </Filter>
    <Filter Include="Header Files\renderer">
      <UniqueIdentifier>{a0efadc1-8b0d-4177-be73-87d9684688cc}</UniqueIdentifier>
    </Filter>
  </ItemGroup>
  <ItemGroup>
    <ClCompile Include="main.cpp">
      <Filter>Source Files</Filter>
    </ClCompile>
    <ClCompile Include="..\..\lib\glad\src\glad.c">
      <Filter>Source Files\external</Filter>
    </ClCompile>
    <ClCompile Include="game.cpp">
      <Filter>Source Files</Filter>
    </ClCompile>
    <ClCompile Include="shader_loader.cpp">
      <Filter>Source Files</Filter>
    </ClCompile>
    <ClCompile Include="file_operations.cpp">
      <Filter>Source Files</Filter>
    </ClCompile>
    <ClCompile Include="cube.cpp">
      <Filter>Source Files</Filter>
    </ClCompile>
    <ClCompile Include="texture.cpp">
      <Filter>Source Files</Filter>
    </ClCompile>
    <ClCompile Include="camera.cpp">
      <Filter>Source Files</Filter>
    </ClCompile>
    <ClCompile Include="window.cpp">
      <Filter>Source Files</Filter>
    </ClCompile>
    <ClCompile Include="application_event.cpp">
      <Filter>Source Files</Filter>
    </ClCompile>
    <ClCompile Include="keyboard_event.cpp">
      <Filter>Source Files</Filter>
    </ClCompile>
    <ClCompile Include="keyboard_binding.cpp">
      <Filter>Source Files</Filter>
    </ClCompile>
    <ClCompile Include="time.cpp">
      <Filter>Source Files</Filter>
    </ClCompile>
    <ClCompile Include="perlin_noise.cpp">
      <Filter>Source Files</Filter>
    </ClCompile>
    <ClCompile Include="terrain_generator.cpp">
      <Filter>Source Files\terrain</Filter>
    </ClCompile>
    <ClCompile Include="vbo.cpp">
      <Filter>Source Files\engine</Filter>
    </ClCompile>
    <ClCompile Include="vao.cpp">
      <Filter>Source Files\engine</Filter>
    </ClCompile>
    <ClCompile Include="attribute.cpp">
      <Filter>Source Files\engine</Filter>
    </ClCompile>
    <ClCompile Include="uniform.cpp">
      <Filter>Source Files\engine\uniform</Filter>
    </ClCompile>
    <ClCompile Include="uniform_float.cpp">
      <Filter>Source Files\engine\uniform</Filter>
    </ClCompile>
    <ClCompile Include="uniform_int.cpp">
      <Filter>Source Files\engine\uniform</Filter>
    </ClCompile>
    <ClCompile Include="uniform_mat4.cpp">
      <Filter>Source Files\engine\uniform</Filter>
    </ClCompile>
    <ClCompile Include="terrain.cpp">
      <Filter>Source Files\terrain</Filter>
    </ClCompile>
    <ClCompile Include="terrain_renderer.cpp">
      <Filter>Source Files</Filter>
    </ClCompile>
  </ItemGroup>
  <ItemGroup>
    <ClInclude Include="game.h">
      <Filter>Header Files</Filter>
    </ClInclude>
    <ClInclude Include="shader_loader.h">
      <Filter>Header Files</Filter>
    </ClInclude>
    <ClInclude Include="file_operations.h">
      <Filter>Header Files</Filter>
    </ClInclude>
    <ClInclude Include="cube.h">
      <Filter>Header Files</Filter>
    </ClInclude>
    <ClInclude Include="game_constants.h">
      <Filter>Header Files</Filter>
    </ClInclude>
    <ClInclude Include="texture.h">
      <Filter>Header Files</Filter>
    </ClInclude>
    <ClInclude Include="camera.h">
      <Filter>Header Files</Filter>
    </ClInclude>
    <ClInclude Include="window.h">
      <Filter>Header Files</Filter>
    </ClInclude>
    <ClInclude Include="application_event.h">
      <Filter>Header Files</Filter>
    </ClInclude>
    <ClInclude Include="keyboard_event.h">
      <Filter>Header Files</Filter>
    </ClInclude>
    <ClInclude Include="keyboard_binding.h">
      <Filter>Header Files</Filter>
    </ClInclude>
    <ClInclude Include="time.h">
      <Filter>Header Files</Filter>
    </ClInclude>
    <ClInclude Include="perlin_noise.h">
      <Filter>Header Files</Filter>
    </ClInclude>
    <ClInclude Include="terrain_generator.h">
      <Filter>Header Files\terrain</Filter>
    </ClInclude>
    <ClInclude Include="vbo.h">
      <Filter>Header Files\engine</Filter>
    </ClInclude>
    <ClInclude Include="vao.h">
      <Filter>Header Files\engine</Filter>
    </ClInclude>
    <ClInclude Include="attribute.h">
      <Filter>Header Files\engine</Filter>
    </ClInclude>
    <ClInclude Include="uniform.h">
      <Filter>Header Files\engine\uniform</Filter>
    </ClInclude>
    <ClInclude Include="uniform_float.h">
      <Filter>Header Files\engine\uniform</Filter>
    </ClInclude>
    <ClInclude Include="uniform_int.h">
      <Filter>Header Files\engine\uniform</Filter>
    </ClInclude>
    <ClInclude Include="uniform_mat4.h">
      <Filter>Header Files\engine\uniform</Filter>
    </ClInclude>
    <ClInclude Include="terrain.h">
      <Filter>Header Files\terrain</Filter>
    </ClInclude>
    <ClInclude Include="terrain_renderer.h">
      <Filter>Header Files</Filter>
    </ClInclude>
  </ItemGroup>
  <ItemGroup>
    <None Include="shaders\cube_fragment_shader.glsl">
      <Filter>Resource Files\shaders</Filter>
    </None>
    <None Include="shaders\cube_vertex_shader.glsl">
      <Filter>Resource Files\shaders</Filter>
    </None>
  </ItemGroup>
</Project>